
Microsoft Visual Studio Solution File, Format Version 12.00
# Visual Studio Version 16
VisualStudioVersion = 16.0.32106.194
MinimumVisualStudioVersion = 10.0.40219.1
Project("{FAE04EC0-301F-11D3-BF4B-00C04F79EFBC}") = "HotKeyEditor", "HotKeyEditor.csproj", "{DA2FE2F1-634B-4C59-9CF0-852BA334658F}"
EndProject
Global
	GlobalSection(SolutionConfigurationPlatforms) = preSolution
		Debug|Any CPU = Debug|Any CPU
		Release|Any CPU = Release|Any CPU
	EndGlobalSection
	GlobalSection(ProjectConfigurationPlatforms) = postSolution
		{DA2FE2F1-634B-4C59-9CF0-852BA334658F}.Debug|Any CPU.ActiveCfg = Debug|Any CPU
		{DA2FE2F1-634B-4C59-9CF0-852BA334658F}.Debug|Any CPU.Build.0 = Debug|Any CPU
		{DA2FE2F1-634B-4C59-9CF0-852BA334658F}.Release|Any CPU.ActiveCfg = Release|Any CPU
		{DA2FE2F1-634B-4C59-9CF0-852BA334658F}.Release|Any CPU.Build.0 = Release|Any CPU
	EndGlobalSection
	GlobalSection(SolutionProperties) = preSolution
		HideSolutionNode = FALSE
	EndGlobalSection
	GlobalSection(ExtensibilityGlobals) = postSolution
		SolutionGuid = {B7B0D70A-2251-4B24-AE99-48399350158E}
	EndGlobalSection
EndGlobal
